
Microsoft Visual Studio Solution File, Format Version 12.00
# Visual Studio Version 17
VisualStudioVersion = 17.8.34330.188
MinimumVisualStudioVersion = 10.0.40219.1
Project("{FAE04EC0-301F-11D3-BF4B-00C04F79EFBC}") = "MyWalletAPI", "MyWalletAPI.csproj", "{72D0EF7E-ADBB-4BDB-A109-95946FE44445}"
EndProject
Global
	GlobalSection(SolutionConfigurationPlatforms) = preSolution
		Debug|Any CPU = Debug|Any CPU
		Release|Any CPU = Release|Any CPU
	EndGlobalSection
	GlobalSection(ProjectConfigurationPlatforms) = postSolution
		{72D0EF7E-ADBB-4BDB-A109-95946FE44445}.Debug|Any CPU.ActiveCfg = Debug|Any CPU
		{72D0EF7E-ADBB-4BDB-A109-95946FE44445}.Debug|Any CPU.Build.0 = Debug|Any CPU
		{72D0EF7E-ADBB-4BDB-A109-95946FE44445}.Release|Any CPU.ActiveCfg = Release|Any CPU
		{72D0EF7E-ADBB-4BDB-A109-95946FE44445}.Release|Any CPU.Build.0 = Release|Any CPU
	EndGlobalSection
	GlobalSection(SolutionProperties) = preSolution
		HideSolutionNode = FALSE
	EndGlobalSection
	GlobalSection(ExtensibilityGlobals) = postSolution
		SolutionGuid = {29DAE3B5-A3B1-49A6-B32A-0E18FAF96481}
	EndGlobalSection
EndGlobal
